
Microsoft Visual Studio Solution File, Format Version 12.00
# Visual Studio Version 16
VisualStudioVersion = 16.0.28803.156
MinimumVisualStudioVersion = 10.0.40219.1
Project("{FAE04EC0-301F-11D3-BF4B-00C04F79EFBC}") = "SchemaGetter", "SchemaGetter\SchemaGetter.csproj", "{CE0239ED-46C3-4C83-ADCA-BFE5AA8FC7D7}"
EndProject
Project("{9A19103F-16F7-4668-BE54-9A1E7A4F7556}") = "GitPusher", "GitPusher\GitPusher.csproj", "{639B382B-29C1-40E2-9296-58E0AAA8B8E4}"
EndProject
Project("{9A19103F-16F7-4668-BE54-9A1E7A4F7556}") = "SchemaPullExecutor", "SchemaPullExecutor\SchemaPullExecutor.csproj", "{3AEC23FA-A8A5-49B2-B79A-8220EB877486}"
EndProject
Global
	GlobalSection(SolutionConfigurationPlatforms) = preSolution
		Debug|Any CPU = Debug|Any CPU
		Release|Any CPU = Release|Any CPU
	EndGlobalSection
	GlobalSection(ProjectConfigurationPlatforms) = postSolution
		{CE0239ED-46C3-4C83-ADCA-BFE5AA8FC7D7}.Debug|Any CPU.ActiveCfg = Debug|Any CPU
		{CE0239ED-46C3-4C83-ADCA-BFE5AA8FC7D7}.Debug|Any CPU.Build.0 = Debug|Any CPU
		{CE0239ED-46C3-4C83-ADCA-BFE5AA8FC7D7}.Release|Any CPU.ActiveCfg = Release|Any CPU
		{CE0239ED-46C3-4C83-ADCA-BFE5AA8FC7D7}.Release|Any CPU.Build.0 = Release|Any CPU
		{639B382B-29C1-40E2-9296-58E0AAA8B8E4}.Debug|Any CPU.ActiveCfg = Debug|Any CPU
		{639B382B-29C1-40E2-9296-58E0AAA8B8E4}.Debug|Any CPU.Build.0 = Debug|Any CPU
		{639B382B-29C1-40E2-9296-58E0AAA8B8E4}.Release|Any CPU.ActiveCfg = Release|Any CPU
		{639B382B-29C1-40E2-9296-58E0AAA8B8E4}.Release|Any CPU.Build.0 = Release|Any CPU
		{3AEC23FA-A8A5-49B2-B79A-8220EB877486}.Debug|Any CPU.ActiveCfg = Debug|Any CPU
		{3AEC23FA-A8A5-49B2-B79A-8220EB877486}.Debug|Any CPU.Build.0 = Debug|Any CPU
		{3AEC23FA-A8A5-49B2-B79A-8220EB877486}.Release|Any CPU.ActiveCfg = Release|Any CPU
		{3AEC23FA-A8A5-49B2-B79A-8220EB877486}.Release|Any CPU.Build.0 = Release|Any CPU
	EndGlobalSection
	GlobalSection(SolutionProperties) = preSolution
		HideSolutionNode = FALSE
	EndGlobalSection
	GlobalSection(ExtensibilityGlobals) = postSolution
		SolutionGuid = {281BBAC9-B61C-4BC6-A8F9-0B6F8B05DDDA}
	EndGlobalSection
EndGlobal
